
Microsoft Visual Studio Solution File, Format Version 12.00
# Visual Studio Version 16
VisualStudioVersion = 16.0.30503.244
MinimumVisualStudioVersion = 10.0.40219.1
Project("{FAE04EC0-301F-11D3-BF4B-00C04F79EFBC}") = "Wakanda", "Wakanda.csproj", "{C2C917FD-4DA6-4AE4-834F-0098B93FF4EE}"
EndProject
Global
	GlobalSection(SolutionConfigurationPlatforms) = preSolution
		Debug|Any CPU = Debug|Any CPU
		Release|Any CPU = Release|Any CPU
	EndGlobalSection
	GlobalSection(ProjectConfigurationPlatforms) = postSolution
		{C2C917FD-4DA6-4AE4-834F-0098B93FF4EE}.Debug|Any CPU.ActiveCfg = Debug|Any CPU
		{C2C917FD-4DA6-4AE4-834F-0098B93FF4EE}.Debug|Any CPU.Build.0 = Debug|Any CPU
		{C2C917FD-4DA6-4AE4-834F-0098B93FF4EE}.Release|Any CPU.ActiveCfg = Release|Any CPU
		{C2C917FD-4DA6-4AE4-834F-0098B93FF4EE}.Release|Any CPU.Build.0 = Release|Any CPU
	EndGlobalSection
	GlobalSection(SolutionProperties) = preSolution
		HideSolutionNode = FALSE
	EndGlobalSection
	GlobalSection(ExtensibilityGlobals) = postSolution
		SolutionGuid = {A16886EF-5739-4472-9392-DC13ED611D13}
	EndGlobalSection
EndGlobal
